
Microsoft Visual Studio Solution File, Format Version 12.00
# Visual Studio Version 16
VisualStudioVersion = 16.0.31729.503
MinimumVisualStudioVersion = 10.0.40219.1
Project("{FAE04EC0-301F-11D3-BF4B-00C04F79EFBC}") = "ChildrenBookStore", "ChildrenBookStore\ChildrenBookStore.csproj", "{E0964D3A-196F-474A-A2CB-DDFE4DAC8388}"
EndProject
Global
	GlobalSection(SolutionConfigurationPlatforms) = preSolution
		Debug|Any CPU = Debug|Any CPU
		Release|Any CPU = Release|Any CPU
	EndGlobalSection
	GlobalSection(ProjectConfigurationPlatforms) = postSolution
		{E0964D3A-196F-474A-A2CB-DDFE4DAC8388}.Debug|Any CPU.ActiveCfg = Debug|Any CPU
		{E0964D3A-196F-474A-A2CB-DDFE4DAC8388}.Debug|Any CPU.Build.0 = Debug|Any CPU
		{E0964D3A-196F-474A-A2CB-DDFE4DAC8388}.Release|Any CPU.ActiveCfg = Release|Any CPU
		{E0964D3A-196F-474A-A2CB-DDFE4DAC8388}.Release|Any CPU.Build.0 = Release|Any CPU
	EndGlobalSection
	GlobalSection(SolutionProperties) = preSolution
		HideSolutionNode = FALSE
	EndGlobalSection
	GlobalSection(ExtensibilityGlobals) = postSolution
		SolutionGuid = {E85FEAA0-D0D1-4CC0-A509-8D647CE7280F}
	EndGlobalSection
EndGlobal
